
Microsoft Visual Studio Solution File, Format Version 12.00
# Visual Studio Version 16
VisualStudioVersion = 16.0.31025.194
MinimumVisualStudioVersion = 10.0.40219.1
Project("{FAE04EC0-301F-11D3-BF4B-00C04F79EFBC}") = "ClaimsRegistration", "ClaimsRegistration\ClaimsRegistration.csproj", "{0CFD46D6-B47F-4F02-A3E2-1892474F9593}"
EndProject
Global
	GlobalSection(SolutionConfigurationPlatforms) = preSolution
		Debug|Any CPU = Debug|Any CPU
		Release|Any CPU = Release|Any CPU
	EndGlobalSection
	GlobalSection(ProjectConfigurationPlatforms) = postSolution
		{0CFD46D6-B47F-4F02-A3E2-1892474F9593}.Debug|Any CPU.ActiveCfg = Debug|Any CPU
		{0CFD46D6-B47F-4F02-A3E2-1892474F9593}.Debug|Any CPU.Build.0 = Debug|Any CPU
		{0CFD46D6-B47F-4F02-A3E2-1892474F9593}.Release|Any CPU.ActiveCfg = Release|Any CPU
		{0CFD46D6-B47F-4F02-A3E2-1892474F9593}.Release|Any CPU.Build.0 = Release|Any CPU
	EndGlobalSection
	GlobalSection(SolutionProperties) = preSolution
		HideSolutionNode = FALSE
	EndGlobalSection
	GlobalSection(ExtensibilityGlobals) = postSolution
		SolutionGuid = {C0F6D71A-3522-4B2B-BBD9-7E6653AE48A1}
	EndGlobalSection
EndGlobal
